
Microsoft Visual Studio Solution File, Format Version 12.00
# Visual Studio Version 17
VisualStudioVersion = 17.4.33205.214
MinimumVisualStudioVersion = 10.0.40219.1
Project("{9A19103F-16F7-4668-BE54-9A1E7A4F7556}") = "Recyclable.Collections", "Recyclable.Collections\Recyclable.Collections.csproj", "{7EC0F96D-FB4C-418A-9172-612CC5BCE705}"
EndProject
Project("{9A19103F-16F7-4668-BE54-9A1E7A4F7556}") = "Recyclable.CollectionsTests", "Recyclable.CollectionsTests\Recyclable.CollectionsTests.csproj", "{2B7223FA-2D5B-40BF-9BD9-9D6B05DC18E2}"
EndProject
Project("{FAE04EC0-301F-11D3-BF4B-00C04F79EFBC}") = "Recyclable.Collections.Benchmarks", "Recyclable.Collections.Benchmarks\Recyclable.Collections.Benchmarks.csproj", "{CDC0CF78-FC11-43E3-9059-3261DA3639D1}"
EndProject
Global
	GlobalSection(SolutionConfigurationPlatforms) = preSolution
		Debug|Any CPU = Debug|Any CPU
		Release|Any CPU = Release|Any CPU
	EndGlobalSection
	GlobalSection(ProjectConfigurationPlatforms) = postSolution
		{7EC0F96D-FB4C-418A-9172-612CC5BCE705}.Debug|Any CPU.ActiveCfg = Debug|Any CPU
		{7EC0F96D-FB4C-418A-9172-612CC5BCE705}.Debug|Any CPU.Build.0 = Debug|Any CPU
		{7EC0F96D-FB4C-418A-9172-612CC5BCE705}.Release|Any CPU.ActiveCfg = Release|Any CPU
		{7EC0F96D-FB4C-418A-9172-612CC5BCE705}.Release|Any CPU.Build.0 = Release|Any CPU
		{2B7223FA-2D5B-40BF-9BD9-9D6B05DC18E2}.Debug|Any CPU.ActiveCfg = Debug|Any CPU
		{2B7223FA-2D5B-40BF-9BD9-9D6B05DC18E2}.Debug|Any CPU.Build.0 = Debug|Any CPU
		{2B7223FA-2D5B-40BF-9BD9-9D6B05DC18E2}.Release|Any CPU.ActiveCfg = Release|Any CPU
		{2B7223FA-2D5B-40BF-9BD9-9D6B05DC18E2}.Release|Any CPU.Build.0 = Release|Any CPU
		{CDC0CF78-FC11-43E3-9059-3261DA3639D1}.Debug|Any CPU.ActiveCfg = Debug|Any CPU
		{CDC0CF78-FC11-43E3-9059-3261DA3639D1}.Debug|Any CPU.Build.0 = Debug|Any CPU
		{CDC0CF78-FC11-43E3-9059-3261DA3639D1}.Release|Any CPU.ActiveCfg = Release|Any CPU
		{CDC0CF78-FC11-43E3-9059-3261DA3639D1}.Release|Any CPU.Build.0 = Release|Any CPU
	EndGlobalSection
	GlobalSection(SolutionProperties) = preSolution
		HideSolutionNode = FALSE
	EndGlobalSection
	GlobalSection(ExtensibilityGlobals) = postSolution
		SolutionGuid = {2C612762-D1AF-4E88-9427-B4750FBECB1A}
	EndGlobalSection
EndGlobal
